
Microsoft Visual Studio Solution File, Format Version 12.00
# Visual Studio 15
VisualStudioVersion = 15.0.28307.421
MinimumVisualStudioVersion = 10.0.40219.1
Project("{888888A0-9F3D-457C-B088-3A5042F75D52}") = "DjangoWebProject1", "DjangoWebProject1.pyproj", "{BEA2D9C2-C252-446B-86C9-0BBE56A292A5}"
EndProject
Global
	GlobalSection(SolutionConfigurationPlatforms) = preSolution
		Debug|Any CPU = Debug|Any CPU
		Release|Any CPU = Release|Any CPU
	EndGlobalSection
	GlobalSection(ProjectConfigurationPlatforms) = postSolution
		{BEA2D9C2-C252-446B-86C9-0BBE56A292A5}.Debug|Any CPU.ActiveCfg = Debug|Any CPU
		{BEA2D9C2-C252-446B-86C9-0BBE56A292A5}.Debug|Any CPU.Build.0 = Debug|Any CPU
		{BEA2D9C2-C252-446B-86C9-0BBE56A292A5}.Release|Any CPU.ActiveCfg = Release|Any CPU
		{BEA2D9C2-C252-446B-86C9-0BBE56A292A5}.Release|Any CPU.Build.0 = Release|Any CPU
	EndGlobalSection
	GlobalSection(SolutionProperties) = preSolution
		HideSolutionNode = FALSE
	EndGlobalSection
	GlobalSection(ExtensibilityGlobals) = postSolution
		SolutionGuid = {00A7950B-3467-480F-8946-196F392B25E1}
	EndGlobalSection
EndGlobal
